// !$*UTF8*$!
{
	archiveVersion = 1;
	classes = {
	};
	objectVersion = 56;
	objects = {

/* Begin PBXBuildFile section */
		187F2F502AD09A53004A2AD1 /* heart_Rate_AppApp.swift in Sources */ = {isa = PBXBuildFile; fileRef = 187F2F4F2AD09A53004A2AD1 /* heart_Rate_AppApp.swift */; };
		187F2F522AD09A53004A2AD1 /* ContentView.swift in Sources */ = {isa = PBXBuildFile; fileRef = 187F2F512AD09A53004A2AD1 /* ContentView.swift */; };
		187F2F542AD09A56004A2AD1 /* Assets.xcassets in Resources */ = {isa = PBXBuildFile; fileRef = 187F2F532AD09A56004A2AD1 /* Assets.xcassets */; };
		187F2F572AD09A56004A2AD1 /* Preview Assets.xcassets in Resources */ = {isa = PBXBuildFile; fileRef = 187F2F562AD09A56004A2AD1 /* Preview Assets.xcassets */; };
		187F2F612AD09A57004A2AD1 /* heart_Rate_App_Watch_AppTests.swift in Sources */ = {isa = PBXBuildFile; fileRef = 187F2F602AD09A57004A2AD1 /* heart_Rate_App_Watch_AppTests.swift */; };
		187F2F6B2AD09A57004A2AD1 /* heart_Rate_App_Watch_AppUITests.swift in Sources */ = {isa = PBXBuildFile; fileRef = 187F2F6A2AD09A57004A2AD1 /* heart_Rate_App_Watch_AppUITests.swift */; };
		187F2F6D2AD09A57004A2AD1 /* heart_Rate_App_Watch_AppUITestsLaunchTests.swift in Sources */ = {isa = PBXBuildFile; fileRef = 187F2F6C2AD09A57004A2AD1 /* heart_Rate_App_Watch_AppUITestsLaunchTests.swift */; };
/* End PBXBuildFile section */

/* Begin PBXContainerItemProxy section */
		187F2F5D2AD09A57004A2AD1 /* PBXContainerItemProxy */ = {
			isa = PBXContainerItemProxy;
			containerPortal = 187F2F442AD09A53004A2AD1 /* Project object */;
			proxyType = 1;
			remoteGlobalIDString = 187F2F4B2AD09A53004A2AD1;
			remoteInfo = "heart Rate App Watch App";
		};
		187F2F672AD09A57004A2AD1 /* PBXContainerItemProxy */ = {
			isa = PBXContainerItemProxy;
			containerPortal = 187F2F442AD09A53004A2AD1 /* Project object */;
			proxyType = 1;
			remoteGlobalIDString = 187F2F4B2AD09A53004A2AD1;
			remoteInfo = "heart Rate App Watch App";
		};
/* End PBXContainerItemProxy section */

/* Begin PBXFileReference section */
		187F2F4C2AD09A53004A2AD1 /* heart Rate App Watch App.app */ = {isa = PBXFileReference; explicitFileType = wrapper.application; includeInIndex = 0; path = "heart Rate App Watch App.app"; sourceTree = BUILT_PRODUCTS_DIR; };
		187F2F4F2AD09A53004A2AD1 /* heart_Rate_AppApp.swift */ = {isa = PBXFileReference; lastKnownFileType = sourcecode.swift; path = heart_Rate_AppApp.swift; sourceTree = "<group>"; };
		187F2F512AD09A53004A2AD1 /* ContentView.swift */ = {isa = PBXFileReference; lastKnownFileType = sourcecode.swift; path = ContentView.swift; sourceTree = "<group>"; };
		187F2F532AD09A56004A2AD1 /* Assets.xcassets */ = {isa = PBXFileReference; lastKnownFileType = folder.assetcatalog; path = Assets.xcassets; sourceTree = "<group>"; };
		187F2F562AD09A56004A2AD1 /* Preview Assets.xcassets */ = {isa = PBXFileReference; lastKnownFileType = folder.assetcatalog; path = "Preview Assets.xcassets"; sourceTree = "<group>"; };
		187F2F5C2AD09A57004A2AD1 /* heart Rate App Watch AppTests.xctest */ = {isa = PBXFileReference; explicitFileType = wrapper.cfbundle; includeInIndex = 0; path = "heart Rate App Watch AppTests.xctest"; sourceTree = BUILT_PRODUCTS_DIR; };
		187F2F602AD09A57004A2AD1 /* heart_Rate_App_Watch_AppTests.swift */ = {isa = PBXFileReference; lastKnownFileType = sourcecode.swift; path = heart_Rate_App_Watch_AppTests.swift; sourceTree = "<group>"; };
		187F2F662AD09A57004A2AD1 /* heart Rate App Watch AppUITests.xctest */ = {isa = PBXFileReference; explicitFileType = wrapper.cfbundle; includeInIndex = 0; path = "heart Rate App Watch AppUITests.xctest"; sourceTree = BUILT_PRODUCTS_DIR; };
		187F2F6A2AD09A57004A2AD1 /* heart_Rate_App_Watch_AppUITests.swift */ = {isa = PBXFileReference; lastKnownFileType = sourcecode.swift; path = heart_Rate_App_Watch_AppUITests.swift; sourceTree = "<group>"; };
		187F2F6C2AD09A57004A2AD1 /* heart_Rate_App_Watch_AppUITestsLaunchTests.swift */ = {isa = PBXFileReference; lastKnownFileType = sourcecode.swift; path = heart_Rate_App_Watch_AppUITestsLaunchTests.swift; sourceTree = "<group>"; };
/* End PBXFileReference section */

/* Begin PBXFrameworksBuildPhase section */
		187F2F492AD09A53004A2AD1 /* Frameworks */ = {
			isa = PBXFrameworksBuildPhase;
			buildActionMask = 2147483647;
			files = (
			);
			runOnlyForDeploymentPostprocessing = 0;
		};
		187F2F592AD09A57004A2AD1 /* Frameworks */ = {
			isa = PBXFrameworksBuildPhase;
			buildActionMask = 2147483647;
			files = (
			);
			runOnlyForDeploymentPostprocessing = 0;
		};
		187F2F632AD09A57004A2AD1 /* Frameworks */ = {
			isa = PBXFrameworksBuildPhase;
			buildActionMask = 2147483647;
			files = (
			);
			runOnlyForDeploymentPostprocessing = 0;
		};
/* End PBXFrameworksBuildPhase section */

/* Begin PBXGroup section */
		187F2F432AD09A53004A2AD1 = {
			isa = PBXGroup;
			children = (
				187F2F4E2AD09A53004A2AD1 /* heart Rate App Watch App */,
				187F2F5F2AD09A57004A2AD1 /* heart Rate App Watch AppTests */,
				187F2F692AD09A57004A2AD1 /* heart Rate App Watch AppUITests */,
				187F2F4D2AD09A53004A2AD1 /* Products */,
			);
			sourceTree = "<group>";
		};
		187F2F4D2AD09A53004A2AD1 /* Products */ = {
			isa = PBXGroup;
			children = (
				187F2F4C2AD09A53004A2AD1 /* heart Rate App Watch App.app */,
				187F2F5C2AD09A57004A2AD1 /* heart Rate App Watch AppTests.xctest */,
				187F2F662AD09A57004A2AD1 /* heart Rate App Watch AppUITests.xctest */,
			);
			name = Products;
			sourceTree = "<group>";
		};
		187F2F4E2AD09A53004A2AD1 /* heart Rate App Watch App */ = {
			isa = PBXGroup;
			children = (
				187F2F4F2AD09A53004A2AD1 /* heart_Rate_AppApp.swift */,
				187F2F512AD09A53004A2AD1 /* ContentView.swift */,
				187F2F532AD09A56004A2AD1 /* Assets.xcassets */,
				187F2F552AD09A56004A2AD1 /* Preview Content */,
			);
			path = "heart Rate App Watch App";
			sourceTree = "<group>";
		};
		187F2F552AD09A56004A2AD1 /* Preview Content */ = {
			isa = PBXGroup;
			children = (
				187F2F562AD09A56004A2AD1 /* Preview Assets.xcassets */,
			);
			path = "Preview Content";
			sourceTree = "<group>";
		};
		187F2F5F2AD09A57004A2AD1 /* heart Rate App Watch AppTests */ = {
			isa = PBXGroup;
			children = (
				187F2F602AD09A57004A2AD1 /* heart_Rate_App_Watch_AppTests.swift */,
			);
			path = "heart Rate App Watch AppTests";
			sourceTree = "<group>";
		};
		187F2F692AD09A57004A2AD1 /* heart Rate App Watch AppUITests */ = {
			isa = PBXGroup;
			children = (
				187F2F6A2AD09A57004A2AD1 /* heart_Rate_App_Watch_AppUITests.swift */,
				187F2F6C2AD09A57004A2AD1 /* heart_Rate_App_Watch_AppUITestsLaunchTests.swift */,
			);
			path = "heart Rate App Watch AppUITests";
			sourceTree = "<group>";
		};
/* End PBXGroup section */

/* Begin PBXNativeTarget section */
		187F2F4B2AD09A53004A2AD1 /* heart Rate App Watch App */ = {
			isa = PBXNativeTarget;
			buildConfigurationList = 187F2F702AD09A57004A2AD1 /* Build configuration list for PBXNativeTarget "heart Rate App Watch App" */;
			buildPhases = (
				187F2F482AD09A53004A2AD1 /* Sources */,
				187F2F492AD09A53004A2AD1 /* Frameworks */,
				187F2F4A2AD09A53004A2AD1 /* Resources */,
			);
			buildRules = (
			);
			dependencies = (
			);
			name = "heart Rate App Watch App";
			productName = "heart Rate App Watch App";
			productReference = 187F2F4C2AD09A53004A2AD1 /* heart Rate App Watch App.app */;
			productType = "com.apple.product-type.application";
		};
		187F2F5B2AD09A57004A2AD1 /* heart Rate App Watch AppTests */ = {
			isa = PBXNativeTarget;
			buildConfigurationList = 187F2F732AD09A57004A2AD1 /* Build configuration list for PBXNativeTarget "heart Rate App Watch AppTests" */;
			buildPhases = (
				187F2F582AD09A57004A2AD1 /* Sources */,
				187F2F592AD09A57004A2AD1 /* Frameworks */,
				187F2F5A2AD09A57004A2AD1 /* Resources */,
			);
			buildRules = (
			);
			dependencies = (
				187F2F5E2AD09A57004A2AD1 /* PBXTargetDependency */,
			);
			name = "heart Rate App Watch AppTests";
			productName = "heart Rate App Watch AppTests";
			productReference = 187F2F5C2AD09A57004A2AD1 /* heart Rate App Watch AppTests.xctest */;
			productType = "com.apple.product-type.bundle.unit-test";
		};
		187F2F652AD09A57004A2AD1 /* heart Rate App Watch AppUITests */ = {
			isa = PBXNativeTarget;
			buildConfigurationList = 187F2F762AD09A57004A2AD1 /* Build configuration list for PBXNativeTarget "heart Rate App Watch AppUITests" */;
			buildPhases = (
				187F2F622AD09A57004A2AD1 /* Sources */,
				187F2F632AD09A57004A2AD1 /* Frameworks */,
				187F2F642AD09A57004A2AD1 /* Resources */,
			);
			buildRules = (
			);
			dependencies = (
				187F2F682AD09A57004A2AD1 /* PBXTargetDependency */,
			);
			name = "heart Rate App Watch AppUITests";
			productName = "heart Rate App Watch AppUITests";
			productReference = 187F2F662AD09A57004A2AD1 /* heart Rate App Watch AppUITests.xctest */;
			productType = "com.apple.product-type.bundle.ui-testing";
		};
/* End PBXNativeTarget section */

/* Begin PBXProject section */
		187F2F442AD09A53004A2AD1 /* Project object */ = {
			isa = PBXProject;
			attributes = {
				BuildIndependentTargetsInParallel = 1;
				LastSwiftUpdateCheck = 1420;
				LastUpgradeCheck = 1420;
				TargetAttributes = {
					187F2F4B2AD09A53004A2AD1 = {
						CreatedOnToolsVersion = 14.2;
					};
					187F2F5B2AD09A57004A2AD1 = {
						CreatedOnToolsVersion = 14.2;
						TestTargetID = 187F2F4B2AD09A53004A2AD1;
					};
					187F2F652AD09A57004A2AD1 = {
						CreatedOnToolsVersion = 14.2;
						TestTargetID = 187F2F4B2AD09A53004A2AD1;
					};
				};
			};
			buildConfigurationList = 187F2F472AD09A53004A2AD1 /* Build configuration list for PBXProject "heart Rate App" */;
			compatibilityVersion = "Xcode 14.0";
			developmentRegion = en;
			hasScannedForEncodings = 0;
			knownRegions = (
				en,
				Base,
			);
			mainGroup = 187F2F432AD09A53004A2AD1;
			productRefGroup = 187F2F4D2AD09A53004A2AD1 /* Products */;
			projectDirPath = "";
			projectRoot = "";
			targets = (
				187F2F4B2AD09A53004A2AD1 /* heart Rate App Watch App */,
				187F2F5B2AD09A57004A2AD1 /* heart Rate App Watch AppTests */,
				187F2F652AD09A57004A2AD1 /* heart Rate App Watch AppUITests */,
			);
		};
/* End PBXProject section */

/* Begin PBXResourcesBuildPhase section */
		187F2F4A2AD09A53004A2AD1 /* Resources */ = {
			isa = PBXResourcesBuildPhase;
			buildActionMask = 2147483647;
			files = (
				187F2F572AD09A56004A2AD1 /* Preview Assets.xcassets in Resources */,
				187F2F542AD09A56004A2AD1 /* Assets.xcassets in Resources */,
			);
			runOnlyForDeploymentPostprocessing = 0;
		};
		187F2F5A2AD09A57004A2AD1 /* Resources */ = {
			isa = PBXResourcesBuildPhase;
			buildActionMask = 2147483647;
			files = (
			);
			runOnlyForDeploymentPostprocessing = 0;
		};
		187F2F642AD09A57004A2AD1 /* Resources */ = {
			isa = PBXResourcesBuildPhase;
			buildActionMask = 2147483647;
			files = (
			);
			runOnlyForDeploymentPostprocessing = 0;
		};
/* End PBXResourcesBuildPhase section */

/* Begin PBXSourcesBuildPhase section */
		187F2F482AD09A53004A2AD1 /* Sources */ = {
			isa = PBXSourcesBuildPhase;
			buildActionMask = 2147483647;
			files = (
				187F2F522AD09A53004A2AD1 /* ContentView.swift in Sources */,
				187F2F502AD09A53004A2AD1 /* heart_Rate_AppApp.swift in Sources */,
			);
			runOnlyForDeploymentPostprocessing = 0;
		};
		187F2F582AD09A57004A2AD1 /* Sources */ = {
			isa = PBXSourcesBuildPhase;
			buildActionMask = 2147483647;
			files = (
				187F2F612AD09A57004A2AD1 /* heart_Rate_App_Watch_AppTests.swift in Sources */,
			);
			runOnlyForDeploymentPostprocessing = 0;
		};
		187F2F622AD09A57004A2AD1 /* Sources */ = {
			isa = PBXSourcesBuildPhase;
			buildActionMask = 2147483647;
			files = (
				187F2F6B2AD09A57004A2AD1 /* heart_Rate_App_Watch_AppUITests.swift in Sources */,
				187F2F6D2AD09A57004A2AD1 /* heart_Rate_App_Watch_AppUITestsLaunchTests.swift in Sources */,
			);
			runOnlyForDeploymentPostprocessing = 0;
		};
/* End PBXSourcesBuildPhase section */

/* Begin PBXTargetDependency section */
		187F2F5E2AD09A57004A2AD1 /* PBXTargetDependency */ = {
			isa = PBXTargetDependency;
			target = 187F2F4B2AD09A53004A2AD1 /* heart Rate App Watch App */;
			targetProxy = 187F2F5D2AD09A57004A2AD1 /* PBXContainerItemProxy */;
		};
		187F2F682AD09A57004A2AD1 /* PBXTargetDependency */ = {
			isa = PBXTargetDependency;
			target = 187F2F4B2AD09A53004A2AD1 /* heart Rate App Watch App */;
			targetProxy = 187F2F672AD09A57004A2AD1 /* PBXContainerItemProxy */;
		};
/* End PBXTargetDependency section */

/* Begin XCBuildConfiguration section */
		187F2F6E2AD09A57004A2AD1 /* Debug */ = {
			isa = XCBuildConfiguration;
			buildSettings = {
				ALWAYS_SEARCH_USER_PATHS = NO;
				CLANG_ANALYZER_NONNULL = YES;
				CLANG_ANALYZER_NUMBER_OBJECT_CONVERSION = YES_AGGRESSIVE;
				CLANG_CXX_LANGUAGE_STANDARD = "gnu++20";
				CLANG_ENABLE_MODULES = YES;
				CLANG_ENABLE_OBJC_ARC = YES;
				CLANG_ENABLE_OBJC_WEAK = YES;
				CLANG_WARN_BLOCK_CAPTURE_AUTORELEASING = YES;
				CLANG_WARN_BOOL_CONVERSION = YES;
				CLANG_WARN_COMMA = YES;
				CLANG_WARN_CONSTANT_CONVERSION = YES;
				CLANG_WARN_DEPRECATED_OBJC_IMPLEMENTATIONS = YES;
				CLANG_WARN_DIRECT_OBJC_ISA_USAGE = YES_ERROR;
				CLANG_WARN_DOCUMENTATION_COMMENTS = YES;
				CLANG_WARN_EMPTY_BODY = YES;
				CLANG_WARN_ENUM_CONVERSION = YES;
				CLANG_WARN_INFINITE_RECURSION = YES;
				CLANG_WARN_INT_CONVERSION = YES;
				CLANG_WARN_NON_LITERAL_NULL_CONVERSION = YES;
				CLANG_WARN_OBJC_IMPLICIT_RETAIN_SELF = YES;
				CLANG_WARN_OBJC_LITERAL_CONVERSION = YES;
				CLANG_WARN_OBJC_ROOT_CLASS = YES_ERROR;
				CLANG_WARN_QUOTED_INCLUDE_IN_FRAMEWORK_HEADER = YES;
				CLANG_WARN_RANGE_LOOP_ANALYSIS = YES;
				CLANG_WARN_STRICT_PROTOTYPES = YES;
				CLANG_WARN_SUSPICIOUS_MOVE = YES;
				CLANG_WARN_UNGUARDED_AVAILABILITY = YES_AGGRESSIVE;
				CLANG_WARN_UNREACHABLE_CODE = YES;
				CLANG_WARN__DUPLICATE_METHOD_MATCH = YES;
				COPY_PHASE_STRIP = NO;
				DEBUG_INFORMATION_FORMAT = dwarf;
				ENABLE_STRICT_OBJC_MSGSEND = YES;
				ENABLE_TESTABILITY = YES;
				GCC_C_LANGUAGE_STANDARD = gnu11;
				GCC_DYNAMIC_NO_PIC = NO;
				GCC_NO_COMMON_BLOCKS = YES;
				GCC_OPTIMIZATION_LEVEL = 0;
				GCC_PREPROCESSOR_DEFINITIONS = (
					"DEBUG=1",
					"$(inherited)",
				);
				GCC_WARN_64_TO_32_BIT_CONVERSION = YES;
				GCC_WARN_ABOUT_RETURN_TYPE = YES_ERROR;
				GCC_WARN_UNDECLARED_SELECTOR = YES;
				GCC_WARN_UNINITIALIZED_AUTOS = YES_AGGRESSIVE;
				GCC_WARN_UNUSED_FUNCTION = YES;
				GCC_WARN_UNUSED_VARIABLE = YES;
				MTL_ENABLE_DEBUG_INFO = INCLUDE_SOURCE;
				MTL_FAST_MATH = YES;
				ONLY_ACTIVE_ARCH = YES;
				SWIFT_ACTIVE_COMPILATION_CONDITIONS = DEBUG;
				SWIFT_OPTIMIZATION_LEVEL = "-Onone";
			};
			name = Debug;
		};
		187F2F6F2AD09A57004A2AD1 /* Release */ = {
			isa = XCBuildConfiguration;
			buildSettings = {
				ALWAYS_SEARCH_USER_PATHS = NO;
				CLANG_ANALYZER_NONNULL = YES;
				CLANG_ANALYZER_NUMBER_OBJECT_CONVERSION = YES_AGGRESSIVE;
				CLANG_CXX_LANGUAGE_STANDARD = "gnu++20";
				CLANG_ENABLE_MODULES = YES;
				CLANG_ENABLE_OBJC_ARC = YES;
				CLANG_ENABLE_OBJC_WEAK = YES;
				CLANG_WARN_BLOCK_CAPTURE_AUTORELEASING = YES;
				CLANG_WARN_BOOL_CONVERSION = YES;
				CLANG_WARN_COMMA = YES;
				CLANG_WARN_CONSTANT_CONVERSION = YES;
				CLANG_WARN_DEPRECATED_OBJC_IMPLEMENTATIONS = YES;
				CLANG_WARN_DIRECT_OBJC_ISA_USAGE = YES_ERROR;
				CLANG_WARN_DOCUMENTATION_COMMENTS = YES;
				CLANG_WARN_EMPTY_BODY = YES;
				CLANG_WARN_ENUM_CONVERSION = YES;
				CLANG_WARN_INFINITE_RECURSION = YES;
				CLANG_WARN_INT_CONVERSION = YES;
				CLANG_WARN_NON_LITERAL_NULL_CONVERSION = YES;
				CLANG_WARN_OBJC_IMPLICIT_RETAIN_SELF = YES;
				CLANG_WARN_OBJC_LITERAL_CONVERSION = YES;
				CLANG_WARN_OBJC_ROOT_CLASS = YES_ERROR;
				CLANG_WARN_QUOTED_INCLUDE_IN_FRAMEWORK_HEADER = YES;
				CLANG_WARN_RANGE_LOOP_ANALYSIS = YES;
				CLANG_WARN_STRICT_PROTOTYPES = YES;
				CLANG_WARN_SUSPICIOUS_MOVE = YES;
				CLANG_WARN_UNGUARDED_AVAILABILITY = YES_AGGRESSIVE;
				CLANG_WARN_UNREACHABLE_CODE = YES;
				CLANG_WARN__DUPLICATE_METHOD_MATCH = YES;
				COPY_PHASE_STRIP = NO;
				DEBUG_INFORMATION_FORMAT = "dwarf-with-dsym";
				ENABLE_NS_ASSERTIONS = NO;
				ENABLE_STRICT_OBJC_MSGSEND = YES;
				GCC_C_LANGUAGE_STANDARD = gnu11;
				GCC_NO_COMMON_BLOCKS = YES;
				GCC_WARN_64_TO_32_BIT_CONVERSION = YES;
				GCC_WARN_ABOUT_RETURN_TYPE = YES_ERROR;
				GCC_WARN_UNDECLARED_SELECTOR = YES;
				GCC_WARN_UNINITIALIZED_AUTOS = YES_AGGRESSIVE;
				GCC_WARN_UNUSED_FUNCTION = YES;
				GCC_WARN_UNUSED_VARIABLE = YES;
				MTL_ENABLE_DEBUG_INFO = NO;
				MTL_FAST_MATH = YES;
				SWIFT_COMPILATION_MODE = wholemodule;
				SWIFT_OPTIMIZATION_LEVEL = "-O";
			};
			name = Release;
		};
		187F2F712AD09A57004A2AD1 /* Debug */ = {
			isa = XCBuildConfiguration;
			buildSettings = {
				ASSETCATALOG_COMPILER_APPICON_NAME = AppIcon;
				ASSETCATALOG_COMPILER_GLOBAL_ACCENT_COLOR_NAME = AccentColor;
				CODE_SIGN_STYLE = Automatic;
				CURRENT_PROJECT_VERSION = 1;
				DEVELOPMENT_ASSET_PATHS = "\"heart Rate App Watch App/Preview Content\"";
				DEVELOPMENT_TEAM = 498EJFCESS;
				ENABLE_PREVIEWS = YES;
				GENERATE_INFOPLIST_FILE = YES;
				INFOPLIST_KEY_CFBundleDisplayName = "heart Rate App";
				INFOPLIST_KEY_UISupportedInterfaceOrientations = "UIInterfaceOrientationPortrait UIInterfaceOrientationPortraitUpsideDown";
				INFOPLIST_KEY_WKCompanionAppBundleIdentifier = "";
				LD_RUNPATH_SEARCH_PATHS = (
					"$(inherited)",
					"@executable_path/Frameworks",
				);
				MARKETING_VERSION = 1.0;
				PRODUCT_BUNDLE_IDENTIFIER = .watchkitapp;
				PRODUCT_NAME = "$(TARGET_NAME)";
				SDKROOT = watchos;
				SKIP_INSTALL = YES;
				SWIFT_EMIT_LOC_STRINGS = YES;
				SWIFT_VERSION = 5.0;
				TARGETED_DEVICE_FAMILY = 4;
				WATCHOS_DEPLOYMENT_TARGET = 9.1;
			};
			name = Debug;
		};
		187F2F722AD09A57004A2AD1 /* Release */ = {
			isa = XCBuildConfiguration;
			buildSettings = {
				ASSETCATALOG_COMPILER_APPICON_NAME = AppIcon;
				ASSETCATALOG_COMPILER_GLOBAL_ACCENT_COLOR_NAME = AccentColor;
				CODE_SIGN_STYLE = Automatic;
				CURRENT_PROJECT_VERSION = 1;
				DEVELOPMENT_ASSET_PATHS = "\"heart Rate App Watch App/Preview Content\"";
				DEVELOPMENT_TEAM = 498EJFCESS;
				ENABLE_PREVIEWS = YES;
				GENERATE_INFOPLIST_FILE = YES;
				INFOPLIST_KEY_CFBundleDisplayName = "heart Rate App";
				INFOPLIST_KEY_UISupportedInterfaceOrientations = "UIInterfaceOrientationPortrait UIInterfaceOrientationPortraitUpsideDown";
				INFOPLIST_KEY_WKCompanionAppBundleIdentifier = "";
				LD_RUNPATH_SEARCH_PATHS = (
					"$(inherited)",
					"@executable_path/Frameworks",
				);
				MARKETING_VERSION = 1.0;
				PRODUCT_BUNDLE_IDENTIFIER = .watchkitapp;
				PRODUCT_NAME = "$(TARGET_NAME)";
				SDKROOT = watchos;
				SKIP_INSTALL = YES;
				SWIFT_EMIT_LOC_STRINGS = YES;
				SWIFT_VERSION = 5.0;
				TARGETED_DEVICE_FAMILY = 4;
				VALIDATE_PRODUCT = YES;
				WATCHOS_DEPLOYMENT_TARGET = 9.1;
			};
			name = Release;
		};
		187F2F742AD09A57004A2AD1 /* Debug */ = {
			isa = XCBuildConfiguration;
			buildSettings = {
				ALWAYS_EMBED_SWIFT_STANDARD_LIBRARIES = YES;
				BUNDLE_LOADER = "$(TEST_HOST)";
				CODE_SIGN_STYLE = Automatic;
				CURRENT_PROJECT_VERSION = 1;
				DEVELOPMENT_TEAM = 498EJFCESS;
				GENERATE_INFOPLIST_FILE = YES;
				MARKETING_VERSION = 1.0;
				PRODUCT_BUNDLE_IDENTIFIER = "com.patrickhenry.performace.heart-Rate-App-Watch-AppTests";
				PRODUCT_NAME = "$(TARGET_NAME)";
				SDKROOT = watchos;
				SWIFT_EMIT_LOC_STRINGS = NO;
				SWIFT_VERSION = 5.0;
				TARGETED_DEVICE_FAMILY = 4;
				TEST_HOST = "$(BUILT_PRODUCTS_DIR)/heart Rate App Watch App.app/$(BUNDLE_EXECUTABLE_FOLDER_PATH)/heart Rate App Watch App";
				WATCHOS_DEPLOYMENT_TARGET = 9.1;
			};
			name = Debug;
		};
		187F2F752AD09A57004A2AD1 /* Release */ = {
			isa = XCBuildConfiguration;
			buildSettings = {
				ALWAYS_EMBED_SWIFT_STANDARD_LIBRARIES = YES;
				BUNDLE_LOADER = "$(TEST_HOST)";
				CODE_SIGN_STYLE = Automatic;
				CURRENT_PROJECT_VERSION = 1;
				DEVELOPMENT_TEAM = 498EJFCESS;
				GENERATE_INFOPLIST_FILE = YES;
				MARKETING_VERSION = 1.0;
				PRODUCT_BUNDLE_IDENTIFIER = "com.patrickhenry.performace.heart-Rate-App-Watch-AppTests";
				PRODUCT_NAME = "$(TARGET_NAME)";
				SDKROOT = watchos;
				SWIFT_EMIT_LOC_STRINGS = NO;
				SWIFT_VERSION = 5.0;
				TARGETED_DEVICE_FAMILY = 4;
				TEST_HOST = "$(BUILT_PRODUCTS_DIR)/heart Rate App Watch App.app/$(BUNDLE_EXECUTABLE_FOLDER_PATH)/heart Rate App Watch App";
				VALIDATE_PRODUCT = YES;
				WATCHOS_DEPLOYMENT_TARGET = 9.1;
			};
			name = Release;
		};
		187F2F772AD09A57004A2AD1 /* Debug */ = {
			isa = XCBuildConfiguration;
			buildSettings = {
				ALWAYS_EMBED_SWIFT_STANDARD_LIBRARIES = YES;
				CODE_SIGN_STYLE = Automatic;
				CURRENT_PROJECT_VERSION = 1;
				DEVELOPMENT_TEAM = 498EJFCESS;
				GENERATE_INFOPLIST_FILE = YES;
				MARKETING_VERSION = 1.0;
				PRODUCT_BUNDLE_IDENTIFIER = "com.patrickhenry.performace.heart-Rate-App-Watch-AppUITests";
				PRODUCT_NAME = "$(TARGET_NAME)";
				SDKROOT = watchos;
				SWIFT_EMIT_LOC_STRINGS = NO;
				SWIFT_VERSION = 5.0;
				TARGETED_DEVICE_FAMILY = 4;
				TEST_TARGET_NAME = "heart Rate App Watch App";
				WATCHOS_DEPLOYMENT_TARGET = 9.1;
			};
			name = Debug;
		};
		187F2F782AD09A57004A2AD1 /* Release */ = {
			isa = XCBuildConfiguration;
			buildSettings = {
				ALWAYS_EMBED_SWIFT_STANDARD_LIBRARIES = YES;
				CODE_SIGN_STYLE = Automatic;
				CURRENT_PROJECT_VERSION = 1;
				DEVELOPMENT_TEAM = 498EJFCESS;
				GENERATE_INFOPLIST_FILE = YES;
				MARKETING_VERSION = 1.0;
				PRODUCT_BUNDLE_IDENTIFIER = "com.patrickhenry.performace.heart-Rate-App-Watch-AppUITests";
				PRODUCT_NAME = "$(TARGET_NAME)";
				SDKROOT = watchos;
				SWIFT_EMIT_LOC_STRINGS = NO;
				SWIFT_VERSION = 5.0;
				TARGETED_DEVICE_FAMILY = 4;
				TEST_TARGET_NAME = "heart Rate App Watch App";
				VALIDATE_PRODUCT = YES;
				WATCHOS_DEPLOYMENT_TARGET = 9.1;
			};
			name = Release;
		};
/* End XCBuildConfiguration section */

/* Begin XCConfigurationList section */
		187F2F472AD09A53004A2AD1 /* Build configuration list for PBXProject "heart Rate App" */ = {
			isa = XCConfigurationList;
			buildConfigurations = (
				187F2F6E2AD09A57004A2AD1 /* Debug */,
				187F2F6F2AD09A57004A2AD1 /* Release */,
			);
			defaultConfigurationIsVisible = 0;
			defaultConfigurationName = Release;
		};
		187F2F702AD09A57004A2AD1 /* Build configuration list for PBXNativeTarget "heart Rate App Watch App" */ = {
			isa = XCConfigurationList;
			buildConfigurations = (
				187F2F712AD09A57004A2AD1 /* Debug */,
				187F2F722AD09A57004A2AD1 /* Release */,
			);
			defaultConfigurationIsVisible = 0;
			defaultConfigurationName = Release;
		};
		187F2F732AD09A57004A2AD1 /* Build configuration list for PBXNativeTarget "heart Rate App Watch AppTests" */ = {
			isa = XCConfigurationList;
			buildConfigurations = (
				187F2F742AD09A57004A2AD1 /* Debug */,
				187F2F752AD09A57004A2AD1 /* Release */,
			);
			defaultConfigurationIsVisible = 0;
			defaultConfigurationName = Release;
		};
		187F2F762AD09A57004A2AD1 /* Build configuration list for PBXNativeTarget "heart Rate App Watch AppUITests" */ = {
			isa = XCConfigurationList;
			buildConfigurations = (
				187F2F772AD09A57004A2AD1 /* Debug */,
				187F2F782AD09A57004A2AD1 /* Release */,
			);
			defaultConfigurationIsVisible = 0;
			defaultConfigurationName = Release;
		};
/* End XCConfigurationList section */
	};
	rootObject = 187F2F442AD09A53004A2AD1 /* Project object */;
}
